
Microsoft Visual Studio Solution File, Format Version 12.00
# Visual Studio Version 17
VisualStudioVersion = 17.8.34316.72
MinimumVisualStudioVersion = 10.0.40219.1
Project("{FAE04EC0-301F-11D3-BF4B-00C04F79EFBC}") = "KafkaLibDemo", "KafkaLibDemo\KafkaLibDemo.csproj", "{C500D9AE-E1B2-490B-956D-629DBA3B41F8}"
EndProject
Project("{FAE04EC0-301F-11D3-BF4B-00C04F79EFBC}") = "KafkaConsumerApp", "KafkaConsumerApp\KafkaConsumerApp.csproj", "{40F4D39B-B42C-4025-94E3-0A4CADBB1DD0}"
EndProject
Global
	GlobalSection(SolutionConfigurationPlatforms) = preSolution
		Debug|Any CPU = Debug|Any CPU
		Release|Any CPU = Release|Any CPU
	EndGlobalSection
	GlobalSection(ProjectConfigurationPlatforms) = postSolution
		{C500D9AE-E1B2-490B-956D-629DBA3B41F8}.Debug|Any CPU.ActiveCfg = Debug|Any CPU
		{C500D9AE-E1B2-490B-956D-629DBA3B41F8}.Debug|Any CPU.Build.0 = Debug|Any CPU
		{C500D9AE-E1B2-490B-956D-629DBA3B41F8}.Release|Any CPU.ActiveCfg = Release|Any CPU
		{C500D9AE-E1B2-490B-956D-629DBA3B41F8}.Release|Any CPU.Build.0 = Release|Any CPU
		{40F4D39B-B42C-4025-94E3-0A4CADBB1DD0}.Debug|Any CPU.ActiveCfg = Debug|Any CPU
		{40F4D39B-B42C-4025-94E3-0A4CADBB1DD0}.Debug|Any CPU.Build.0 = Debug|Any CPU
		{40F4D39B-B42C-4025-94E3-0A4CADBB1DD0}.Release|Any CPU.ActiveCfg = Release|Any CPU
		{40F4D39B-B42C-4025-94E3-0A4CADBB1DD0}.Release|Any CPU.Build.0 = Release|Any CPU
	EndGlobalSection
	GlobalSection(SolutionProperties) = preSolution
		HideSolutionNode = FALSE
	EndGlobalSection
	GlobalSection(ExtensibilityGlobals) = postSolution
		SolutionGuid = {346174F1-2AA0-469D-A4C9-C6A009F1C159}
	EndGlobalSection
EndGlobal
